
Microsoft Visual Studio Solution File, Format Version 11.00
# Visual Studio 2010
Project("{F184B08F-C81C-45F6-A57F-5ABD9991F28F}") = "UASSEMESTER", "UASSEMESTER\UASSEMESTER.vbproj", "{D8BA6DB9-E21E-468A-A1AC-4825F2B27724}"
EndProject
Global
	GlobalSection(SolutionConfigurationPlatforms) = preSolution
		Debug|x86 = Debug|x86
		Release|x86 = Release|x86
	EndGlobalSection
	GlobalSection(ProjectConfigurationPlatforms) = postSolution
		{D8BA6DB9-E21E-468A-A1AC-4825F2B27724}.Debug|x86.ActiveCfg = Debug|x86
		{D8BA6DB9-E21E-468A-A1AC-4825F2B27724}.Debug|x86.Build.0 = Debug|x86
		{D8BA6DB9-E21E-468A-A1AC-4825F2B27724}.Release|x86.ActiveCfg = Release|x86
		{D8BA6DB9-E21E-468A-A1AC-4825F2B27724}.Release|x86.Build.0 = Release|x86
	EndGlobalSection
	GlobalSection(SolutionProperties) = preSolution
		HideSolutionNode = FALSE
	EndGlobalSection
EndGlobal
